// !$*UTF8*$!
{
	archiveVersion = 1;
	classes = {
	};
	objectVersion = 46;
	objects = {

/* Begin PBXBuildFile section */
		37E746721D0C65BF0010E826 /* AppDelegate.swift in Sources */ = {isa = PBXBuildFile; fileRef = 37E746711D0C65BF0010E826 /* AppDelegate.swift */; };
		37E746741D0C65BF0010E826 /* ViewController.swift in Sources */ = {isa = PBXBuildFile; fileRef = 37E746731D0C65BF0010E826 /* ViewController.swift */; };
		37E746771D0C65BF0010E826 /* Main.storyboard in Resources */ = {isa = PBXBuildFile; fileRef = 37E746751D0C65BF0010E826 /* Main.storyboard */; };
		37E746791D0C65BF0010E826 /* Assets.xcassets in Resources */ = {isa = PBXBuildFile; fileRef = 37E746781D0C65BF0010E826 /* Assets.xcassets */; };
		37E7467C1D0C65BF0010E826 /* LaunchScreen.storyboard in Resources */ = {isa = PBXBuildFile; fileRef = 37E7467A1D0C65BF0010E826 /* LaunchScreen.storyboard */; };
		37E746861D0C75D50010E826 /* Data.swift in Sources */ = {isa = PBXBuildFile; fileRef = 37E746851D0C75D50010E826 /* Data.swift */; };
		37E746881D0C7B7B0010E826 /* PlacesTableViewCell.swift in Sources */ = {isa = PBXBuildFile; fileRef = 37E746871D0C7B7B0010E826 /* PlacesTableViewCell.swift */; };
		37E7468A1D0C7D780010E826 /* PlacesTableViewController.swift in Sources */ = {isa = PBXBuildFile; fileRef = 37E746891D0C7D780010E826 /* PlacesTableViewController.swift */; };
		37E7468F1D0C81920010E826 /* bridge.jpg in Resources */ = {isa = PBXBuildFile; fileRef = 37E7468B1D0C81920010E826 /* bridge.jpg */; };
		37E746901D0C81920010E826 /* mountain.jpg in Resources */ = {isa = PBXBuildFile; fileRef = 37E7468C1D0C81920010E826 /* mountain.jpg */; };
		37E746911D0C81920010E826 /* snow.jpg in Resources */ = {isa = PBXBuildFile; fileRef = 37E7468D1D0C81920010E826 /* snow.jpg */; };
		37E746921D0C81920010E826 /* sunset.jpg in Resources */ = {isa = PBXBuildFile; fileRef = 37E7468E1D0C81920010E826 /* sunset.jpg */; };
/* End PBXBuildFile section */

/* Begin PBXFileReference section */
		37E7466E1D0C65BF0010E826 /* AirBnB Discover practice.app */ = {isa = PBXFileReference; explicitFileType = wrapper.application; includeInIndex = 0; path = "AirBnB Discover practice.app"; sourceTree = BUILT_PRODUCTS_DIR; };
		37E746711D0C65BF0010E826 /* AppDelegate.swift */ = {isa = PBXFileReference; lastKnownFileType = sourcecode.swift; path = AppDelegate.swift; sourceTree = "<group>"; };
		37E746731D0C65BF0010E826 /* ViewController.swift */ = {isa = PBXFileReference; lastKnownFileType = sourcecode.swift; path = ViewController.swift; sourceTree = "<group>"; };
		37E746761D0C65BF0010E826 /* Base */ = {isa = PBXFileReference; lastKnownFileType = file.storyboard; name = Base; path = Base.lproj/Main.storyboard; sourceTree = "<group>"; };
		37E746781D0C65BF0010E826 /* Assets.xcassets */ = {isa = PBXFileReference; lastKnownFileType = folder.assetcatalog; path = Assets.xcassets; sourceTree = "<group>"; };
		37E7467B1D0C65BF0010E826 /* Base */ = {isa = PBXFileReference; lastKnownFileType = file.storyboard; name = Base; path = Base.lproj/LaunchScreen.storyboard; sourceTree = "<group>"; };
		37E7467D1D0C65BF0010E826 /* Info.plist */ = {isa = PBXFileReference; lastKnownFileType = text.plist.xml; path = Info.plist; sourceTree = "<group>"; };
		37E746851D0C75D50010E826 /* Data.swift */ = {isa = PBXFileReference; fileEncoding = 4; lastKnownFileType = sourcecode.swift; path = Data.swift; sourceTree = "<group>"; };
		37E746871D0C7B7B0010E826 /* PlacesTableViewCell.swift */ = {isa = PBXFileReference; fileEncoding = 4; lastKnownFileType = sourcecode.swift; path = PlacesTableViewCell.swift; sourceTree = "<group>"; };
		37E746891D0C7D780010E826 /* PlacesTableViewController.swift */ = {isa = PBXFileReference; fileEncoding = 4; lastKnownFileType = sourcecode.swift; path = PlacesTableViewController.swift; sourceTree = "<group>"; };
		37E7468B1D0C81920010E826 /* bridge.jpg */ = {isa = PBXFileReference; lastKnownFileType = image.jpeg; path = bridge.jpg; sourceTree = "<group>"; };
		37E7468C1D0C81920010E826 /* mountain.jpg */ = {isa = PBXFileReference; lastKnownFileType = image.jpeg; path = mountain.jpg; sourceTree = "<group>"; };
		37E7468D1D0C81920010E826 /* snow.jpg */ = {isa = PBXFileReference; lastKnownFileType = image.jpeg; path = snow.jpg; sourceTree = "<group>"; };
		37E7468E1D0C81920010E826 /* sunset.jpg */ = {isa = PBXFileReference; lastKnownFileType = image.jpeg; path = sunset.jpg; sourceTree = "<group>"; };
/* End PBXFileReference section */

/* Begin PBXFrameworksBuildPhase section */
		37E7466B1D0C65BF0010E826 /* Frameworks */ = {
			isa = PBXFrameworksBuildPhase;
			buildActionMask = 2147483647;
			files = (
			);
			runOnlyForDeploymentPostprocessing = 0;
		};
/* End PBXFrameworksBuildPhase section */

/* Begin PBXGroup section */
		37E746651D0C65BF0010E826 = {
			isa = PBXGroup;
			children = (
				37E746701D0C65BF0010E826 /* AirBnB Discover practice */,
				37E7466F1D0C65BF0010E826 /* Products */,
			);
			sourceTree = "<group>";
		};
		37E7466F1D0C65BF0010E826 /* Products */ = {
			isa = PBXGroup;
			children = (
				37E7466E1D0C65BF0010E826 /* AirBnB Discover practice.app */,
			);
			name = Products;
			sourceTree = "<group>";
		};
		37E746701D0C65BF0010E826 /* AirBnB Discover practice */ = {
			isa = PBXGroup;
			children = (
				37E746711D0C65BF0010E826 /* AppDelegate.swift */,
				37E746731D0C65BF0010E826 /* ViewController.swift */,
				37E746871D0C7B7B0010E826 /* PlacesTableViewCell.swift */,
				37E746891D0C7D780010E826 /* PlacesTableViewController.swift */,
				37E7468B1D0C81920010E826 /* bridge.jpg */,
				37E7468C1D0C81920010E826 /* mountain.jpg */,
				37E7468D1D0C81920010E826 /* snow.jpg */,
				37E7468E1D0C81920010E826 /* sunset.jpg */,
				37E746851D0C75D50010E826 /* Data.swift */,
				37E746751D0C65BF0010E826 /* Main.storyboard */,
				37E746781D0C65BF0010E826 /* Assets.xcassets */,
				37E7467A1D0C65BF0010E826 /* LaunchScreen.storyboard */,
				37E7467D1D0C65BF0010E826 /* Info.plist */,
			);
			path = "AirBnB Discover practice";
			sourceTree = "<group>";
		};
/* End PBXGroup section */

/* Begin PBXNativeTarget section */
		37E7466D1D0C65BF0010E826 /* AirBnB Discover practice */ = {
			isa = PBXNativeTarget;
			buildConfigurationList = 37E746801D0C65BF0010E826 /* Build configuration list for PBXNativeTarget "AirBnB Discover practice" */;
			buildPhases = (
				37E7466A1D0C65BF0010E826 /* Sources */,
				37E7466B1D0C65BF0010E826 /* Frameworks */,
				37E7466C1D0C65BF0010E826 /* Resources */,
			);
			buildRules = (
			);
			dependencies = (
			);
			name = "AirBnB Discover practice";
			productName = "AirBnB Discover practice";
			productReference = 37E7466E1D0C65BF0010E826 /* AirBnB Discover practice.app */;
			productType = "com.apple.product-type.application";
		};
/* End PBXNativeTarget section */

/* Begin PBXProject section */
		37E746661D0C65BF0010E826 /* Project object */ = {
			isa = PBXProject;
			attributes = {
				LastSwiftUpdateCheck = 0730;
				LastUpgradeCheck = 0730;
				ORGANIZATIONNAME = "Robert Martin";
				TargetAttributes = {
					37E7466D1D0C65BF0010E826 = {
						CreatedOnToolsVersion = 7.3.1;
						DevelopmentTeam = T3K5P842PL;
						LastSwiftMigration = 0810;
					};
				};
			};
			buildConfigurationList = 37E746691D0C65BF0010E826 /* Build configuration list for PBXProject "AirBnB Discover practice" */;
			compatibilityVersion = "Xcode 3.2";
			developmentRegion = English;
			hasScannedForEncodings = 0;
			knownRegions = (
				en,
				Base,
			);
			mainGroup = 37E746651D0C65BF0010E826;
			productRefGroup = 37E7466F1D0C65BF0010E826 /* Products */;
			projectDirPath = "";
			projectRoot = "";
			targets = (
				37E7466D1D0C65BF0010E826 /* AirBnB Discover practice */,
			);
		};
/* End PBXProject section */

/* Begin PBXResourcesBuildPhase section */
		37E7466C1D0C65BF0010E826 /* Resources */ = {
			isa = PBXResourcesBuildPhase;
			buildActionMask = 2147483647;
			files = (
				37E7467C1D0C65BF0010E826 /* LaunchScreen.storyboard in Resources */,
				37E746901D0C81920010E826 /* mountain.jpg in Resources */,
				37E746791D0C65BF0010E826 /* Assets.xcassets in Resources */,
				37E746921D0C81920010E826 /* sunset.jpg in Resources */,
				37E7468F1D0C81920010E826 /* bridge.jpg in Resources */,
				37E746911D0C81920010E826 /* snow.jpg in Resources */,
				37E746771D0C65BF0010E826 /* Main.storyboard in Resources */,
			);
			runOnlyForDeploymentPostprocessing = 0;
		};
/* End PBXResourcesBuildPhase section */

/* Begin PBXSourcesBuildPhase section */
		37E7466A1D0C65BF0010E826 /* Sources */ = {
			isa = PBXSourcesBuildPhase;
			buildActionMask = 2147483647;
			files = (
				37E746741D0C65BF0010E826 /* ViewController.swift in Sources */,
				37E746721D0C65BF0010E826 /* AppDelegate.swift in Sources */,
				37E746861D0C75D50010E826 /* Data.swift in Sources */,
				37E746881D0C7B7B0010E826 /* PlacesTableViewCell.swift in Sources */,
				37E7468A1D0C7D780010E826 /* PlacesTableViewController.swift in Sources */,
			);
			runOnlyForDeploymentPostprocessing = 0;
		};
/* End PBXSourcesBuildPhase section */

/* Begin PBXVariantGroup section */
		37E746751D0C65BF0010E826 /* Main.storyboard */ = {
			isa = PBXVariantGroup;
			children = (
				37E746761D0C65BF0010E826 /* Base */,
			);
			name = Main.storyboard;
			sourceTree = "<group>";
		};
		37E7467A1D0C65BF0010E826 /* LaunchScreen.storyboard */ = {
			isa = PBXVariantGroup;
			children = (
				37E7467B1D0C65BF0010E826 /* Base */,
			);
			name = LaunchScreen.storyboard;
			sourceTree = "<group>";
		};
/* End PBXVariantGroup section */

/* Begin XCBuildConfiguration section */
		37E7467E1D0C65BF0010E826 /* Debug */ = {
			isa = XCBuildConfiguration;
			buildSettings = {
				ALWAYS_SEARCH_USER_PATHS = NO;
				CLANG_ANALYZER_NONNULL = YES;
				CLANG_CXX_LANGUAGE_STANDARD = "gnu++0x";
				CLANG_CXX_LIBRARY = "libc++";
				CLANG_ENABLE_MODULES = YES;
				CLANG_ENABLE_OBJC_ARC = YES;
				CLANG_WARN_BOOL_CONVERSION = YES;
				CLANG_WARN_CONSTANT_CONVERSION = YES;
				CLANG_WARN_DIRECT_OBJC_ISA_USAGE = YES_ERROR;
				CLANG_WARN_EMPTY_BODY = YES;
				CLANG_WARN_ENUM_CONVERSION = YES;
				CLANG_WARN_INT_CONVERSION = YES;
				CLANG_WARN_OBJC_ROOT_CLASS = YES_ERROR;
				CLANG_WARN_UNREACHABLE_CODE = YES;
				CLANG_WARN__DUPLICATE_METHOD_MATCH = YES;
				"CODE_SIGN_IDENTITY[sdk=iphoneos*]" = "iPhone Developer";
				COPY_PHASE_STRIP = NO;
				DEBUG_INFORMATION_FORMAT = dwarf;
				ENABLE_STRICT_OBJC_MSGSEND = YES;
				ENABLE_TESTABILITY = YES;
				GCC_C_LANGUAGE_STANDARD = gnu99;
				GCC_DYNAMIC_NO_PIC = NO;
				GCC_NO_COMMON_BLOCKS = YES;
				GCC_OPTIMIZATION_LEVEL = 0;
				GCC_PREPROCESSOR_DEFINITIONS = (
					"DEBUG=1",
					"$(inherited)",
				);
				GCC_WARN_64_TO_32_BIT_CONVERSION = YES;
				GCC_WARN_ABOUT_RETURN_TYPE = YES_ERROR;
				GCC_WARN_UNDECLARED_SELECTOR = YES;
				GCC_WARN_UNINITIALIZED_AUTOS = YES_AGGRESSIVE;
				GCC_WARN_UNUSED_FUNCTION = YES;
				GCC_WARN_UNUSED_VARIABLE = YES;
				IPHONEOS_DEPLOYMENT_TARGET = 9.3;
				MTL_ENABLE_DEBUG_INFO = YES;
				ONLY_ACTIVE_ARCH = YES;
				SDKROOT = iphoneos;
				SWIFT_OPTIMIZATION_LEVEL = "-Onone";
			};
			name = Debug;
		};
		37E7467F1D0C65BF0010E826 /* Release */ = {
			isa = XCBuildConfiguration;
			buildSettings = {
				ALWAYS_SEARCH_USER_PATHS = NO;
				CLANG_ANALYZER_NONNULL = YES;
				CLANG_CXX_LANGUAGE_STANDARD = "gnu++0x";
				CLANG_CXX_LIBRARY = "libc++";
				CLANG_ENABLE_MODULES = YES;
				CLANG_ENABLE_OBJC_ARC = YES;
				CLANG_WARN_BOOL_CONVERSION = YES;
				CLANG_WARN_CONSTANT_CONVERSION = YES;
				CLANG_WARN_DIRECT_OBJC_ISA_USAGE = YES_ERROR;
				CLANG_WARN_EMPTY_BODY = YES;
				CLANG_WARN_ENUM_CONVERSION = YES;
				CLANG_WARN_INT_CONVERSION = YES;
				CLANG_WARN_OBJC_ROOT_CLASS = YES_ERROR;
				CLANG_WARN_UNREACHABLE_CODE = YES;
				CLANG_WARN__DUPLICATE_METHOD_MATCH = YES;
				"CODE_SIGN_IDENTITY[sdk=iphoneos*]" = "iPhone Developer";
				COPY_PHASE_STRIP = NO;
				DEBUG_INFORMATION_FORMAT = "dwarf-with-dsym";
				ENABLE_NS_ASSERTIONS = NO;
				ENABLE_STRICT_OBJC_MSGSEND = YES;
				GCC_C_LANGUAGE_STANDARD = gnu99;
				GCC_NO_COMMON_BLOCKS = YES;
				GCC_WARN_64_TO_32_BIT_CONVERSION = YES;
				GCC_WARN_ABOUT_RETURN_TYPE = YES_ERROR;
				GCC_WARN_UNDECLARED_SELECTOR = YES;
				GCC_WARN_UNINITIALIZED_AUTOS = YES_AGGRESSIVE;
				GCC_WARN_UNUSED_FUNCTION = YES;
				GCC_WARN_UNUSED_VARIABLE = YES;
				IPHONEOS_DEPLOYMENT_TARGET = 9.3;
				MTL_ENABLE_DEBUG_INFO = NO;
				SDKROOT = iphoneos;
				VALIDATE_PRODUCT = YES;
			};
			name = Release;
		};
		37E746811D0C65BF0010E826 /* Debug */ = {
			isa = XCBuildConfiguration;
			buildSettings = {
				ASSETCATALOG_COMPILER_APPICON_NAME = AppIcon;
				DEVELOPMENT_TEAM = T3K5P842PL;
				INFOPLIST_FILE = "AirBnB Discover practice/Info.plist";
				LD_RUNPATH_SEARCH_PATHS = "$(inherited) @executable_path/Frameworks";
				PRODUCT_BUNDLE_IDENTIFIER = "com.quaereveritatem.AirBnB-Discover-practice";
				PRODUCT_NAME = "$(TARGET_NAME)";
				SWIFT_VERSION = 3.0;
			};
			name = Debug;
		};
		37E746821D0C65BF0010E826 /* Release */ = {
			isa = XCBuildConfiguration;
			buildSettings = {
				ASSETCATALOG_COMPILER_APPICON_NAME = AppIcon;
				DEVELOPMENT_TEAM = T3K5P842PL;
				INFOPLIST_FILE = "AirBnB Discover practice/Info.plist";
				LD_RUNPATH_SEARCH_PATHS = "$(inherited) @executable_path/Frameworks";
				PRODUCT_BUNDLE_IDENTIFIER = "com.quaereveritatem.AirBnB-Discover-practice";
				PRODUCT_NAME = "$(TARGET_NAME)";
				SWIFT_VERSION = 3.0;
			};
			name = Release;
		};
/* End XCBuildConfiguration section */

/* Begin XCConfigurationList section */
		37E746691D0C65BF0010E826 /* Build configuration list for PBXProject "AirBnB Discover practice" */ = {
			isa = XCConfigurationList;
			buildConfigurations = (
				37E7467E1D0C65BF0010E826 /* Debug */,
				37E7467F1D0C65BF0010E826 /* Release */,
			);
			defaultConfigurationIsVisible = 0;
			defaultConfigurationName = Release;
		};
		37E746801D0C65BF0010E826 /* Build configuration list for PBXNativeTarget "AirBnB Discover practice" */ = {
			isa = XCConfigurationList;
			buildConfigurations = (
				37E746811D0C65BF0010E826 /* Debug */,
				37E746821D0C65BF0010E826 /* Release */,
			);
			defaultConfigurationIsVisible = 0;
			defaultConfigurationName = Release;
		};
/* End XCConfigurationList section */
	};
	rootObject = 37E746661D0C65BF0010E826 /* Project object */;
}
